// !$*UTF8*$!
{
	archiveVersion = 1;
	classes = {
	};
	objectVersion = 46;
	objects = {

/* Begin PBXBuildFile section */
		00E356F31AD99517003FC87E /* saojoseTests.m in Sources */ = {isa = PBXBuildFile; fileRef = 00E356F21AD99517003FC87E /* saojoseTests.m */; };
		13B07FBC1A68108700A75B9A /* AppDelegate.m in Sources */ = {isa = PBXBuildFile; fileRef = 13B07FB01A68108700A75B9A /* AppDelegate.m */; };
		13B07FBF1A68108700A75B9A /* Images.xcassets in Resources */ = {isa = PBXBuildFile; fileRef = 13B07FB51A68108700A75B9A /* Images.xcassets */; };
		13B07FC11A68108700A75B9A /* main.m in Sources */ = {isa = PBXBuildFile; fileRef = 13B07FB71A68108700A75B9A /* main.m */; };
		1B02F166B344869E341E7A9E /* libPods-saojose-tvOS.a in Frameworks */ = {isa = PBXBuildFile; fileRef = FEEE3C7CFA1B835731297056 /* libPods-saojose-tvOS.a */; };
		2D02E4BC1E0B4A80006451C7 /* AppDelegate.m in Sources */ = {isa = PBXBuildFile; fileRef = 13B07FB01A68108700A75B9A /* AppDelegate.m */; };
		2D02E4BD1E0B4A84006451C7 /* Images.xcassets in Resources */ = {isa = PBXBuildFile; fileRef = 13B07FB51A68108700A75B9A /* Images.xcassets */; };
		2D02E4BF1E0B4AB3006451C7 /* main.m in Sources */ = {isa = PBXBuildFile; fileRef = 13B07FB71A68108700A75B9A /* main.m */; };
		2DCD954D1E0B4F2C00145EB5 /* saojoseTests.m in Sources */ = {isa = PBXBuildFile; fileRef = 00E356F21AD99517003FC87E /* saojoseTests.m */; };
		70665FE50303A1C388BE1C55 /* libPods-saojose-saojoseTests.a in Frameworks */ = {isa = PBXBuildFile; fileRef = C77A03FC90C2F2A9F65D3A38 /* libPods-saojose-saojoseTests.a */; };
		81AB9BB82411601600AC10FF /* LaunchScreen.storyboard in Resources */ = {isa = PBXBuildFile; fileRef = 81AB9BB72411601600AC10FF /* LaunchScreen.storyboard */; };
		9DB94E337AD89DB3D4F36A90 /* libPods-saojose.a in Frameworks */ = {isa = PBXBuildFile; fileRef = 201CC31D39E1B9E4E788A736 /* libPods-saojose.a */; };
		B17858896A51FAF24408F923 /* libPods-saojose-tvOSTests.a in Frameworks */ = {isa = PBXBuildFile; fileRef = 81A8D51657113D21F068DB2D /* libPods-saojose-tvOSTests.a */; };
		1E61B2FFC296489099CEC0F4 /* GloriaHallelujah-Regular.ttf in Resources */ = {isa = PBXBuildFile; fileRef = 7B00875AF0EF40169D96A650 /* GloriaHallelujah-Regular.ttf */; };
		FDCB2B33B9D44E2F943AB652 /* LobsterTwo-Bold.ttf in Resources */ = {isa = PBXBuildFile; fileRef = 07EA8C8FA5FC462589528445 /* LobsterTwo-Bold.ttf */; };
		6570601680B04DBB8F46CE81 /* LobsterTwo-BoldItalic.ttf in Resources */ = {isa = PBXBuildFile; fileRef = 0B227C67226D45998957A11C /* LobsterTwo-BoldItalic.ttf */; };
		BD986A11042142E3A6EAB2B8 /* LobsterTwo-Italic.ttf in Resources */ = {isa = PBXBuildFile; fileRef = 6C2D19EA19504609B46C8043 /* LobsterTwo-Italic.ttf */; };
		0A6BC7612D4545F7A3335E0F /* LobsterTwo-Regular.ttf in Resources */ = {isa = PBXBuildFile; fileRef = E764442A47AB4CB2B6DB3077 /* LobsterTwo-Regular.ttf */; };
		347F877F31E5475FA26389BD /* Roboto Mono Light.ttf in Resources */ = {isa = PBXBuildFile; fileRef = 46957343426C44599B03085C /* Roboto Mono Light.ttf */; };
		B4290D7138E54BC0801EC97E /* RobotoMono-Bold.ttf in Resources */ = {isa = PBXBuildFile; fileRef = DD1432B5BFA54FAD8EC0A899 /* RobotoMono-Bold.ttf */; };
		2E0AFFE248C04FAE8C7F04C1 /* RobotoMono-BoldItalic.ttf in Resources */ = {isa = PBXBuildFile; fileRef = 7074EEB5D24644F6BFE55B0E /* RobotoMono-BoldItalic.ttf */; };
		985AAF71A9D847DB96BC32A4 /* RobotoMono-Italic.ttf in Resources */ = {isa = PBXBuildFile; fileRef = A2D457E62237449FB9F0ACD6 /* RobotoMono-Italic.ttf */; };
		2C435E740FC649B2AABF9D32 /* RobotoMono-LightItalic.ttf in Resources */ = {isa = PBXBuildFile; fileRef = 5CC02B6E9D10478EA09685B4 /* RobotoMono-LightItalic.ttf */; };
		832BA62FF14F4FE4B35D7E24 /* RobotoMono-Medium.ttf in Resources */ = {isa = PBXBuildFile; fileRef = BD3A5B380BFA4B31AE999101 /* RobotoMono-Medium.ttf */; };
		8460CD4E7C5C4D40A6DD6A6C /* RobotoMono-MediumItalic.ttf in Resources */ = {isa = PBXBuildFile; fileRef = 8A8A5F99E5D84EE29A75B02A /* RobotoMono-MediumItalic.ttf */; };
		634EFDE454644E96A47FB20B /* RobotoMono-Regular.ttf in Resources */ = {isa = PBXBuildFile; fileRef = 01E1FA848C3C4B8D9C702148 /* RobotoMono-Regular.ttf */; };
		2BA964BB020C4B588481C42C /* RobotoMono-Thin.ttf in Resources */ = {isa = PBXBuildFile; fileRef = 7C36B8E700524B3C9F1E072C /* RobotoMono-Thin.ttf */; };
		E504B99AE98C4E0494574CF7 /* RobotoMono-ThinItalic.ttf in Resources */ = {isa = PBXBuildFile; fileRef = F71E53697BCC47C5AC29731B /* RobotoMono-ThinItalic.ttf */; };
		1BFAD9F6C33A49F18E43FAAB /* Sarpanch-Black.ttf in Resources */ = {isa = PBXBuildFile; fileRef = 878A0AF82B7D4C4EBE74B484 /* Sarpanch-Black.ttf */; };
		03ADAC60B4CB464FA6B8F6A6 /* Sarpanch-Bold.ttf in Resources */ = {isa = PBXBuildFile; fileRef = 2DD5BE63260F4B39B65F6568 /* Sarpanch-Bold.ttf */; };
		EEA3040BECBD4E489D855C30 /* Sarpanch-ExtraBold.ttf in Resources */ = {isa = PBXBuildFile; fileRef = 85F757B173C94175846E1DA6 /* Sarpanch-ExtraBold.ttf */; };
		193F9F0C148645A69A30A639 /* Sarpanch-Medium.ttf in Resources */ = {isa = PBXBuildFile; fileRef = CA3FAEA7A8A1412AB0F92E25 /* Sarpanch-Medium.ttf */; };
		DA9174B80DCF43C39BD93A6B /* Sarpanch-Regular.ttf in Resources */ = {isa = PBXBuildFile; fileRef = 64D07B8D03844EAF81B2E005 /* Sarpanch-Regular.ttf */; };
		2CC43C8154634081A5A9E6F7 /* Sarpanch-SemiBold.ttf in Resources */ = {isa = PBXBuildFile; fileRef = ED7927C0D578412D8765923F /* Sarpanch-SemiBold.ttf */; };
		C750EAC1FB784ADEA6DA2B4A /* AntDesign.ttf in Resources */ = {isa = PBXBuildFile; fileRef = 17A1B072A16C43BD99F2BBCE /* AntDesign.ttf */; };
		AB93F99A5C9E4CE69A58EF4A /* Entypo.ttf in Resources */ = {isa = PBXBuildFile; fileRef = 38F73060E1BB4D8CB3347E2F /* Entypo.ttf */; };
		C8F995A8065C43B9A65E5D92 /* EvilIcons.ttf in Resources */ = {isa = PBXBuildFile; fileRef = 3EE7168733B148E89DB1048A /* EvilIcons.ttf */; };
		231D0289908842E38B5FBFFA /* Feather.ttf in Resources */ = {isa = PBXBuildFile; fileRef = BAABD76C2E2244DE843D98AC /* Feather.ttf */; };
		65B9880396F54E1CB4A29336 /* FontAwesome.ttf in Resources */ = {isa = PBXBuildFile; fileRef = 11704E8105284EFC995C85C4 /* FontAwesome.ttf */; };
		F7D9F89D867A4276B9E95011 /* FontAwesome5_Brands.ttf in Resources */ = {isa = PBXBuildFile; fileRef = 3BAD7D960B4543E3A445D297 /* FontAwesome5_Brands.ttf */; };
		A7B9C30CB72B452ABF42F473 /* FontAwesome5_Regular.ttf in Resources */ = {isa = PBXBuildFile; fileRef = 03ED01D6B504415A8BCC159B /* FontAwesome5_Regular.ttf */; };
		96FDF6DC03304B308142A7B3 /* FontAwesome5_Solid.ttf in Resources */ = {isa = PBXBuildFile; fileRef = 0647EC6000FA4B21A1B4A6CD /* FontAwesome5_Solid.ttf */; };
		92EBE33941A04390A6B16BD5 /* Fontisto.ttf in Resources */ = {isa = PBXBuildFile; fileRef = 436C3C6065F04472A96FB207 /* Fontisto.ttf */; };
		F95A70A45647454F8AB9BC7E /* Foundation.ttf in Resources */ = {isa = PBXBuildFile; fileRef = FAFFEF85D48D491FA141C2A7 /* Foundation.ttf */; };
		7DF04F6F800F40EF98E211AB /* Ionicons.ttf in Resources */ = {isa = PBXBuildFile; fileRef = 14594240BDBA4A4C831FF11B /* Ionicons.ttf */; };
		2B05C7B41F0644B490B5071B /* MaterialCommunityIcons.ttf in Resources */ = {isa = PBXBuildFile; fileRef = BA6BD1FD3CAB4127B02E00D3 /* MaterialCommunityIcons.ttf */; };
		347552AD9E3E4E75B183F06B /* MaterialIcons.ttf in Resources */ = {isa = PBXBuildFile; fileRef = 701FCD75F7504394A9BED474 /* MaterialIcons.ttf */; };
		A9273CD93AB3456C836DD1E1 /* Octicons.ttf in Resources */ = {isa = PBXBuildFile; fileRef = 4BBD3305AA014809AAA30493 /* Octicons.ttf */; };
		137C22C1C9254E9E8FE1ECBA /* Roboto_medium.ttf in Resources */ = {isa = PBXBuildFile; fileRef = 9CB5257CCDA649FDBE73F375 /* Roboto_medium.ttf */; };
		81459907352D481EA1D0C44E /* Roboto.ttf in Resources */ = {isa = PBXBuildFile; fileRef = AC8D0C64DBC64C95B99D6E9F /* Roboto.ttf */; };
		5DF699ECD4BF4AE89985A710 /* rubicon-icon-font.ttf in Resources */ = {isa = PBXBuildFile; fileRef = 1389BBFC2F424A5A9DCED25C /* rubicon-icon-font.ttf */; };
		53B8EBFA4FA844658509327F /* SimpleLineIcons.ttf in Resources */ = {isa = PBXBuildFile; fileRef = FF263A3BAA7F4109AB63BCE8 /* SimpleLineIcons.ttf */; };
		2C3E33178E55434FB6135635 /* Zocial.ttf in Resources */ = {isa = PBXBuildFile; fileRef = C7628C0E331D462EB4D44758 /* Zocial.ttf */; };
/* End PBXBuildFile section */

/* Begin PBXContainerItemProxy section */
		00E356F41AD99517003FC87E /* PBXContainerItemProxy */ = {
			isa = PBXContainerItemProxy;
			containerPortal = 83CBB9F71A601CBA00E9B192 /* Project object */;
			proxyType = 1;
			remoteGlobalIDString = 13B07F861A680F5B00A75B9A;
			remoteInfo = saojose;
		};
		2D02E4911E0B4A5D006451C7 /* PBXContainerItemProxy */ = {
			isa = PBXContainerItemProxy;
			containerPortal = 83CBB9F71A601CBA00E9B192 /* Project object */;
			proxyType = 1;
			remoteGlobalIDString = 2D02E47A1E0B4A5D006451C7;
			remoteInfo = "saojose-tvOS";
		};
/* End PBXContainerItemProxy section */

/* Begin PBXFileReference section */
		008F07F21AC5B25A0029DE68 /* main.jsbundle */ = {isa = PBXFileReference; fileEncoding = 4; lastKnownFileType = text; path = main.jsbundle; sourceTree = "<group>"; };
		00E356EE1AD99517003FC87E /* saojoseTests.xctest */ = {isa = PBXFileReference; explicitFileType = wrapper.cfbundle; includeInIndex = 0; path = saojoseTests.xctest; sourceTree = BUILT_PRODUCTS_DIR; };
		00E356F11AD99517003FC87E /* Info.plist */ = {isa = PBXFileReference; lastKnownFileType = text.plist.xml; path = Info.plist; sourceTree = "<group>"; };
		00E356F21AD99517003FC87E /* saojoseTests.m */ = {isa = PBXFileReference; lastKnownFileType = sourcecode.c.objc; path = saojoseTests.m; sourceTree = "<group>"; };
		0E6BCD1CF441B2D21BCAA7E4 /* Pods-saojose-saojoseTests.debug.xcconfig */ = {isa = PBXFileReference; includeInIndex = 1; lastKnownFileType = text.xcconfig; name = "Pods-saojose-saojoseTests.debug.xcconfig"; path = "Target Support Files/Pods-saojose-saojoseTests/Pods-saojose-saojoseTests.debug.xcconfig"; sourceTree = "<group>"; };
		13B07F961A680F5B00A75B9A /* saojose.app */ = {isa = PBXFileReference; explicitFileType = wrapper.application; includeInIndex = 0; path = saojose.app; sourceTree = BUILT_PRODUCTS_DIR; };
		13B07FAF1A68108700A75B9A /* AppDelegate.h */ = {isa = PBXFileReference; fileEncoding = 4; lastKnownFileType = sourcecode.c.h; name = AppDelegate.h; path = saojose/AppDelegate.h; sourceTree = "<group>"; };
		13B07FB01A68108700A75B9A /* AppDelegate.m */ = {isa = PBXFileReference; fileEncoding = 4; lastKnownFileType = sourcecode.c.objc; name = AppDelegate.m; path = saojose/AppDelegate.m; sourceTree = "<group>"; };
		13B07FB51A68108700A75B9A /* Images.xcassets */ = {isa = PBXFileReference; lastKnownFileType = folder.assetcatalog; name = Images.xcassets; path = saojose/Images.xcassets; sourceTree = "<group>"; };
		13B07FB61A68108700A75B9A /* Info.plist */ = {isa = PBXFileReference; fileEncoding = 4; lastKnownFileType = text.plist.xml; name = Info.plist; path = saojose/Info.plist; sourceTree = "<group>"; };
		13B07FB71A68108700A75B9A /* main.m */ = {isa = PBXFileReference; fileEncoding = 4; lastKnownFileType = sourcecode.c.objc; name = main.m; path = saojose/main.m; sourceTree = "<group>"; };
		1DDE50D2AF067E892FC8CB51 /* Pods-saojose-tvOSTests.release.xcconfig */ = {isa = PBXFileReference; includeInIndex = 1; lastKnownFileType = text.xcconfig; name = "Pods-saojose-tvOSTests.release.xcconfig"; path = "Target Support Files/Pods-saojose-tvOSTests/Pods-saojose-tvOSTests.release.xcconfig"; sourceTree = "<group>"; };
		201CC31D39E1B9E4E788A736 /* libPods-saojose.a */ = {isa = PBXFileReference; explicitFileType = archive.ar; includeInIndex = 0; path = "libPods-saojose.a"; sourceTree = BUILT_PRODUCTS_DIR; };
		2D02E47B1E0B4A5D006451C7 /* saojose-tvOS.app */ = {isa = PBXFileReference; explicitFileType = wrapper.application; includeInIndex = 0; path = "saojose-tvOS.app"; sourceTree = BUILT_PRODUCTS_DIR; };
		2D02E4901E0B4A5D006451C7 /* saojose-tvOSTests.xctest */ = {isa = PBXFileReference; explicitFileType = wrapper.cfbundle; includeInIndex = 0; path = "saojose-tvOSTests.xctest"; sourceTree = BUILT_PRODUCTS_DIR; };
		3B9D9A2391BE00C1EED40C1F /* Pods-saojose-saojoseTests.release.xcconfig */ = {isa = PBXFileReference; includeInIndex = 1; lastKnownFileType = text.xcconfig; name = "Pods-saojose-saojoseTests.release.xcconfig"; path = "Target Support Files/Pods-saojose-saojoseTests/Pods-saojose-saojoseTests.release.xcconfig"; sourceTree = "<group>"; };
		4A1E5F56B26F4540F9ACB1B0 /* Pods-saojose.release.xcconfig */ = {isa = PBXFileReference; includeInIndex = 1; lastKnownFileType = text.xcconfig; name = "Pods-saojose.release.xcconfig"; path = "Target Support Files/Pods-saojose/Pods-saojose.release.xcconfig"; sourceTree = "<group>"; };
		576639DEEBD875D2FF8AC515 /* Pods-saojose-tvOSTests.debug.xcconfig */ = {isa = PBXFileReference; includeInIndex = 1; lastKnownFileType = text.xcconfig; name = "Pods-saojose-tvOSTests.debug.xcconfig"; path = "Target Support Files/Pods-saojose-tvOSTests/Pods-saojose-tvOSTests.debug.xcconfig"; sourceTree = "<group>"; };
		74F904D698AEA232BA339767 /* Pods-saojose-tvOS.release.xcconfig */ = {isa = PBXFileReference; includeInIndex = 1; lastKnownFileType = text.xcconfig; name = "Pods-saojose-tvOS.release.xcconfig"; path = "Target Support Files/Pods-saojose-tvOS/Pods-saojose-tvOS.release.xcconfig"; sourceTree = "<group>"; };
		81A8D51657113D21F068DB2D /* libPods-saojose-tvOSTests.a */ = {isa = PBXFileReference; explicitFileType = archive.ar; includeInIndex = 0; path = "libPods-saojose-tvOSTests.a"; sourceTree = BUILT_PRODUCTS_DIR; };
		81AB9BB72411601600AC10FF /* LaunchScreen.storyboard */ = {isa = PBXFileReference; fileEncoding = 4; lastKnownFileType = file.storyboard; name = LaunchScreen.storyboard; path = saojose/LaunchScreen.storyboard; sourceTree = "<group>"; };
		9E753CFE8C7C7151E60842B0 /* Pods-saojose-tvOS.debug.xcconfig */ = {isa = PBXFileReference; includeInIndex = 1; lastKnownFileType = text.xcconfig; name = "Pods-saojose-tvOS.debug.xcconfig"; path = "Target Support Files/Pods-saojose-tvOS/Pods-saojose-tvOS.debug.xcconfig"; sourceTree = "<group>"; };
		AA7DDE567B35EB99B6C052A8 /* Pods-saojose.debug.xcconfig */ = {isa = PBXFileReference; includeInIndex = 1; lastKnownFileType = text.xcconfig; name = "Pods-saojose.debug.xcconfig"; path = "Target Support Files/Pods-saojose/Pods-saojose.debug.xcconfig"; sourceTree = "<group>"; };
		C77A03FC90C2F2A9F65D3A38 /* libPods-saojose-saojoseTests.a */ = {isa = PBXFileReference; explicitFileType = archive.ar; includeInIndex = 0; path = "libPods-saojose-saojoseTests.a"; sourceTree = BUILT_PRODUCTS_DIR; };
		ED297162215061F000B7C4FE /* JavaScriptCore.framework */ = {isa = PBXFileReference; lastKnownFileType = wrapper.framework; name = JavaScriptCore.framework; path = System/Library/Frameworks/JavaScriptCore.framework; sourceTree = SDKROOT; };
		ED2971642150620600B7C4FE /* JavaScriptCore.framework */ = {isa = PBXFileReference; lastKnownFileType = wrapper.framework; name = JavaScriptCore.framework; path = Platforms/AppleTVOS.platform/Developer/SDKs/AppleTVOS12.0.sdk/System/Library/Frameworks/JavaScriptCore.framework; sourceTree = DEVELOPER_DIR; };
		FEEE3C7CFA1B835731297056 /* libPods-saojose-tvOS.a */ = {isa = PBXFileReference; explicitFileType = archive.ar; includeInIndex = 0; path = "libPods-saojose-tvOS.a"; sourceTree = BUILT_PRODUCTS_DIR; };
		7B00875AF0EF40169D96A650 /* GloriaHallelujah-Regular.ttf */ = {isa = PBXFileReference; name = "GloriaHallelujah-Regular.ttf"; path = "../src/assets/fonts/Gloria_Hallelujah/GloriaHallelujah-Regular.ttf"; sourceTree = "<group>"; fileEncoding = undefined; lastKnownFileType = unknown; explicitFileType = undefined; includeInIndex = 0; };
		07EA8C8FA5FC462589528445 /* LobsterTwo-Bold.ttf */ = {isa = PBXFileReference; name = "LobsterTwo-Bold.ttf"; path = "../src/assets/fonts/Lobster_Two/LobsterTwo-Bold.ttf"; sourceTree = "<group>"; fileEncoding = undefined; lastKnownFileType = unknown; explicitFileType = undefined; includeInIndex = 0; };
		0B227C67226D45998957A11C /* LobsterTwo-BoldItalic.ttf */ = {isa = PBXFileReference; name = "LobsterTwo-BoldItalic.ttf"; path = "../src/assets/fonts/Lobster_Two/LobsterTwo-BoldItalic.ttf"; sourceTree = "<group>"; fileEncoding = undefined; lastKnownFileType = unknown; explicitFileType = undefined; includeInIndex = 0; };
		6C2D19EA19504609B46C8043 /* LobsterTwo-Italic.ttf */ = {isa = PBXFileReference; name = "LobsterTwo-Italic.ttf"; path = "../src/assets/fonts/Lobster_Two/LobsterTwo-Italic.ttf"; sourceTree = "<group>"; fileEncoding = undefined; lastKnownFileType = unknown; explicitFileType = undefined; includeInIndex = 0; };
		E764442A47AB4CB2B6DB3077 /* LobsterTwo-Regular.ttf */ = {isa = PBXFileReference; name = "LobsterTwo-Regular.ttf"; path = "../src/assets/fonts/Lobster_Two/LobsterTwo-Regular.ttf"; sourceTree = "<group>"; fileEncoding = undefined; lastKnownFileType = unknown; explicitFileType = undefined; includeInIndex = 0; };
		46957343426C44599B03085C /* Roboto Mono Light.ttf */ = {isa = PBXFileReference; name = "Roboto Mono Light.ttf"; path = "../src/assets/fonts/Roboto Mono Light.ttf"; sourceTree = "<group>"; fileEncoding = undefined; lastKnownFileType = unknown; explicitFileType = undefined; includeInIndex = 0; };
		DD1432B5BFA54FAD8EC0A899 /* RobotoMono-Bold.ttf */ = {isa = PBXFileReference; name = "RobotoMono-Bold.ttf"; path = "../src/assets/fonts/Roboto_Mono/RobotoMono-Bold.ttf"; sourceTree = "<group>"; fileEncoding = undefined; lastKnownFileType = unknown; explicitFileType = undefined; includeInIndex = 0; };
		7074EEB5D24644F6BFE55B0E /* RobotoMono-BoldItalic.ttf */ = {isa = PBXFileReference; name = "RobotoMono-BoldItalic.ttf"; path = "../src/assets/fonts/Roboto_Mono/RobotoMono-BoldItalic.ttf"; sourceTree = "<group>"; fileEncoding = undefined; lastKnownFileType = unknown; explicitFileType = undefined; includeInIndex = 0; };
		A2D457E62237449FB9F0ACD6 /* RobotoMono-Italic.ttf */ = {isa = PBXFileReference; name = "RobotoMono-Italic.ttf"; path = "../src/assets/fonts/Roboto_Mono/RobotoMono-Italic.ttf"; sourceTree = "<group>"; fileEncoding = undefined; lastKnownFileType = unknown; explicitFileType = undefined; includeInIndex = 0; };
		5CC02B6E9D10478EA09685B4 /* RobotoMono-LightItalic.ttf */ = {isa = PBXFileReference; name = "RobotoMono-LightItalic.ttf"; path = "../src/assets/fonts/Roboto_Mono/RobotoMono-LightItalic.ttf"; sourceTree = "<group>"; fileEncoding = undefined; lastKnownFileType = unknown; explicitFileType = undefined; includeInIndex = 0; };
		BD3A5B380BFA4B31AE999101 /* RobotoMono-Medium.ttf */ = {isa = PBXFileReference; name = "RobotoMono-Medium.ttf"; path = "../src/assets/fonts/Roboto_Mono/RobotoMono-Medium.ttf"; sourceTree = "<group>"; fileEncoding = undefined; lastKnownFileType = unknown; explicitFileType = undefined; includeInIndex = 0; };
		8A8A5F99E5D84EE29A75B02A /* RobotoMono-MediumItalic.ttf */ = {isa = PBXFileReference; name = "RobotoMono-MediumItalic.ttf"; path = "../src/assets/fonts/Roboto_Mono/RobotoMono-MediumItalic.ttf"; sourceTree = "<group>"; fileEncoding = undefined; lastKnownFileType = unknown; explicitFileType = undefined; includeInIndex = 0; };
		01E1FA848C3C4B8D9C702148 /* RobotoMono-Regular.ttf */ = {isa = PBXFileReference; name = "RobotoMono-Regular.ttf"; path = "../src/assets/fonts/Roboto_Mono/RobotoMono-Regular.ttf"; sourceTree = "<group>"; fileEncoding = undefined; lastKnownFileType = unknown; explicitFileType = undefined; includeInIndex = 0; };
		7C36B8E700524B3C9F1E072C /* RobotoMono-Thin.ttf */ = {isa = PBXFileReference; name = "RobotoMono-Thin.ttf"; path = "../src/assets/fonts/Roboto_Mono/RobotoMono-Thin.ttf"; sourceTree = "<group>"; fileEncoding = undefined; lastKnownFileType = unknown; explicitFileType = undefined; includeInIndex = 0; };
		F71E53697BCC47C5AC29731B /* RobotoMono-ThinItalic.ttf */ = {isa = PBXFileReference; name = "RobotoMono-ThinItalic.ttf"; path = "../src/assets/fonts/Roboto_Mono/RobotoMono-ThinItalic.ttf"; sourceTree = "<group>"; fileEncoding = undefined; lastKnownFileType = unknown; explicitFileType = undefined; includeInIndex = 0; };
		878A0AF82B7D4C4EBE74B484 /* Sarpanch-Black.ttf */ = {isa = PBXFileReference; name = "Sarpanch-Black.ttf"; path = "../src/assets/fonts/Sarpanch/Sarpanch-Black.ttf"; sourceTree = "<group>"; fileEncoding = undefined; lastKnownFileType = unknown; explicitFileType = undefined; includeInIndex = 0; };
		2DD5BE63260F4B39B65F6568 /* Sarpanch-Bold.ttf */ = {isa = PBXFileReference; name = "Sarpanch-Bold.ttf"; path = "../src/assets/fonts/Sarpanch/Sarpanch-Bold.ttf"; sourceTree = "<group>"; fileEncoding = undefined; lastKnownFileType = unknown; explicitFileType = undefined; includeInIndex = 0; };
		85F757B173C94175846E1DA6 /* Sarpanch-ExtraBold.ttf */ = {isa = PBXFileReference; name = "Sarpanch-ExtraBold.ttf"; path = "../src/assets/fonts/Sarpanch/Sarpanch-ExtraBold.ttf"; sourceTree = "<group>"; fileEncoding = undefined; lastKnownFileType = unknown; explicitFileType = undefined; includeInIndex = 0; };
		CA3FAEA7A8A1412AB0F92E25 /* Sarpanch-Medium.ttf */ = {isa = PBXFileReference; name = "Sarpanch-Medium.ttf"; path = "../src/assets/fonts/Sarpanch/Sarpanch-Medium.ttf"; sourceTree = "<group>"; fileEncoding = undefined; lastKnownFileType = unknown; explicitFileType = undefined; includeInIndex = 0; };
		64D07B8D03844EAF81B2E005 /* Sarpanch-Regular.ttf */ = {isa = PBXFileReference; name = "Sarpanch-Regular.ttf"; path = "../src/assets/fonts/Sarpanch/Sarpanch-Regular.ttf"; sourceTree = "<group>"; fileEncoding = undefined; lastKnownFileType = unknown; explicitFileType = undefined; includeInIndex = 0; };
		ED7927C0D578412D8765923F /* Sarpanch-SemiBold.ttf */ = {isa = PBXFileReference; name = "Sarpanch-SemiBold.ttf"; path = "../src/assets/fonts/Sarpanch/Sarpanch-SemiBold.ttf"; sourceTree = "<group>"; fileEncoding = undefined; lastKnownFileType = unknown; explicitFileType = undefined; includeInIndex = 0; };
		17A1B072A16C43BD99F2BBCE /* AntDesign.ttf */ = {isa = PBXFileReference; name = "AntDesign.ttf"; path = "../node_modules/native-base/Fonts/AntDesign.ttf"; sourceTree = "<group>"; fileEncoding = undefined; lastKnownFileType = unknown; explicitFileType = undefined; includeInIndex = 0; };
		38F73060E1BB4D8CB3347E2F /* Entypo.ttf */ = {isa = PBXFileReference; name = "Entypo.ttf"; path = "../node_modules/native-base/Fonts/Entypo.ttf"; sourceTree = "<group>"; fileEncoding = undefined; lastKnownFileType = unknown; explicitFileType = undefined; includeInIndex = 0; };
		3EE7168733B148E89DB1048A /* EvilIcons.ttf */ = {isa = PBXFileReference; name = "EvilIcons.ttf"; path = "../node_modules/native-base/Fonts/EvilIcons.ttf"; sourceTree = "<group>"; fileEncoding = undefined; lastKnownFileType = unknown; explicitFileType = undefined; includeInIndex = 0; };
		BAABD76C2E2244DE843D98AC /* Feather.ttf */ = {isa = PBXFileReference; name = "Feather.ttf"; path = "../node_modules/native-base/Fonts/Feather.ttf"; sourceTree = "<group>"; fileEncoding = undefined; lastKnownFileType = unknown; explicitFileType = undefined; includeInIndex = 0; };
		11704E8105284EFC995C85C4 /* FontAwesome.ttf */ = {isa = PBXFileReference; name = "FontAwesome.ttf"; path = "../node_modules/native-base/Fonts/FontAwesome.ttf"; sourceTree = "<group>"; fileEncoding = undefined; lastKnownFileType = unknown; explicitFileType = undefined; includeInIndex = 0; };
		3BAD7D960B4543E3A445D297 /* FontAwesome5_Brands.ttf */ = {isa = PBXFileReference; name = "FontAwesome5_Brands.ttf"; path = "../node_modules/native-base/Fonts/FontAwesome5_Brands.ttf"; sourceTree = "<group>"; fileEncoding = undefined; lastKnownFileType = unknown; explicitFileType = undefined; includeInIndex = 0; };
		03ED01D6B504415A8BCC159B /* FontAwesome5_Regular.ttf */ = {isa = PBXFileReference; name = "FontAwesome5_Regular.ttf"; path = "../node_modules/native-base/Fonts/FontAwesome5_Regular.ttf"; sourceTree = "<group>"; fileEncoding = undefined; lastKnownFileType = unknown; explicitFileType = undefined; includeInIndex = 0; };
		0647EC6000FA4B21A1B4A6CD /* FontAwesome5_Solid.ttf */ = {isa = PBXFileReference; name = "FontAwesome5_Solid.ttf"; path = "../node_modules/native-base/Fonts/FontAwesome5_Solid.ttf"; sourceTree = "<group>"; fileEncoding = undefined; lastKnownFileType = unknown; explicitFileType = undefined; includeInIndex = 0; };
		436C3C6065F04472A96FB207 /* Fontisto.ttf */ = {isa = PBXFileReference; name = "Fontisto.ttf"; path = "../node_modules/native-base/Fonts/Fontisto.ttf"; sourceTree = "<group>"; fileEncoding = undefined; lastKnownFileType = unknown; explicitFileType = undefined; includeInIndex = 0; };
		FAFFEF85D48D491FA141C2A7 /* Foundation.ttf */ = {isa = PBXFileReference; name = "Foundation.ttf"; path = "../node_modules/native-base/Fonts/Foundation.ttf"; sourceTree = "<group>"; fileEncoding = undefined; lastKnownFileType = unknown; explicitFileType = undefined; includeInIndex = 0; };
		14594240BDBA4A4C831FF11B /* Ionicons.ttf */ = {isa = PBXFileReference; name = "Ionicons.ttf"; path = "../node_modules/native-base/Fonts/Ionicons.ttf"; sourceTree = "<group>"; fileEncoding = undefined; lastKnownFileType = unknown; explicitFileType = undefined; includeInIndex = 0; };
		BA6BD1FD3CAB4127B02E00D3 /* MaterialCommunityIcons.ttf */ = {isa = PBXFileReference; name = "MaterialCommunityIcons.ttf"; path = "../node_modules/native-base/Fonts/MaterialCommunityIcons.ttf"; sourceTree = "<group>"; fileEncoding = undefined; lastKnownFileType = unknown; explicitFileType = undefined; includeInIndex = 0; };
		701FCD75F7504394A9BED474 /* MaterialIcons.ttf */ = {isa = PBXFileReference; name = "MaterialIcons.ttf"; path = "../node_modules/native-base/Fonts/MaterialIcons.ttf"; sourceTree = "<group>"; fileEncoding = undefined; lastKnownFileType = unknown; explicitFileType = undefined; includeInIndex = 0; };
		4BBD3305AA014809AAA30493 /* Octicons.ttf */ = {isa = PBXFileReference; name = "Octicons.ttf"; path = "../node_modules/native-base/Fonts/Octicons.ttf"; sourceTree = "<group>"; fileEncoding = undefined; lastKnownFileType = unknown; explicitFileType = undefined; includeInIndex = 0; };
		9CB5257CCDA649FDBE73F375 /* Roboto_medium.ttf */ = {isa = PBXFileReference; name = "Roboto_medium.ttf"; path = "../node_modules/native-base/Fonts/Roboto_medium.ttf"; sourceTree = "<group>"; fileEncoding = undefined; lastKnownFileType = unknown; explicitFileType = undefined; includeInIndex = 0; };
		AC8D0C64DBC64C95B99D6E9F /* Roboto.ttf */ = {isa = PBXFileReference; name = "Roboto.ttf"; path = "../node_modules/native-base/Fonts/Roboto.ttf"; sourceTree = "<group>"; fileEncoding = undefined; lastKnownFileType = unknown; explicitFileType = undefined; includeInIndex = 0; };
		1389BBFC2F424A5A9DCED25C /* rubicon-icon-font.ttf */ = {isa = PBXFileReference; name = "rubicon-icon-font.ttf"; path = "../node_modules/native-base/Fonts/rubicon-icon-font.ttf"; sourceTree = "<group>"; fileEncoding = undefined; lastKnownFileType = unknown; explicitFileType = undefined; includeInIndex = 0; };
		FF263A3BAA7F4109AB63BCE8 /* SimpleLineIcons.ttf */ = {isa = PBXFileReference; name = "SimpleLineIcons.ttf"; path = "../node_modules/native-base/Fonts/SimpleLineIcons.ttf"; sourceTree = "<group>"; fileEncoding = undefined; lastKnownFileType = unknown; explicitFileType = undefined; includeInIndex = 0; };
		C7628C0E331D462EB4D44758 /* Zocial.ttf */ = {isa = PBXFileReference; name = "Zocial.ttf"; path = "../node_modules/native-base/Fonts/Zocial.ttf"; sourceTree = "<group>"; fileEncoding = undefined; lastKnownFileType = unknown; explicitFileType = undefined; includeInIndex = 0; };
/* End PBXFileReference section */

/* Begin PBXFrameworksBuildPhase section */
		00E356EB1AD99517003FC87E /* Frameworks */ = {
			isa = PBXFrameworksBuildPhase;
			buildActionMask = 2147483647;
			files = (
				70665FE50303A1C388BE1C55 /* libPods-saojose-saojoseTests.a in Frameworks */,
			);
			runOnlyForDeploymentPostprocessing = 0;
		};
		13B07F8C1A680F5B00A75B9A /* Frameworks */ = {
			isa = PBXFrameworksBuildPhase;
			buildActionMask = 2147483647;
			files = (
				9DB94E337AD89DB3D4F36A90 /* libPods-saojose.a in Frameworks */,
			);
			runOnlyForDeploymentPostprocessing = 0;
		};
		2D02E4781E0B4A5D006451C7 /* Frameworks */ = {
			isa = PBXFrameworksBuildPhase;
			buildActionMask = 2147483647;
			files = (
				1B02F166B344869E341E7A9E /* libPods-saojose-tvOS.a in Frameworks */,
			);
			runOnlyForDeploymentPostprocessing = 0;
		};
		2D02E48D1E0B4A5D006451C7 /* Frameworks */ = {
			isa = PBXFrameworksBuildPhase;
			buildActionMask = 2147483647;
			files = (
				B17858896A51FAF24408F923 /* libPods-saojose-tvOSTests.a in Frameworks */,
			);
			runOnlyForDeploymentPostprocessing = 0;
		};
/* End PBXFrameworksBuildPhase section */

/* Begin PBXGroup section */
		00E356EF1AD99517003FC87E /* saojoseTests */ = {
			isa = PBXGroup;
			children = (
				00E356F21AD99517003FC87E /* saojoseTests.m */,
				00E356F01AD99517003FC87E /* Supporting Files */,
			);
			path = saojoseTests;
			sourceTree = "<group>";
		};
		00E356F01AD99517003FC87E /* Supporting Files */ = {
			isa = PBXGroup;
			children = (
				00E356F11AD99517003FC87E /* Info.plist */,
			);
			name = "Supporting Files";
			sourceTree = "<group>";
		};
		13B07FAE1A68108700A75B9A /* saojose */ = {
			isa = PBXGroup;
			children = (
				008F07F21AC5B25A0029DE68 /* main.jsbundle */,
				13B07FAF1A68108700A75B9A /* AppDelegate.h */,
				13B07FB01A68108700A75B9A /* AppDelegate.m */,
				13B07FB51A68108700A75B9A /* Images.xcassets */,
				13B07FB61A68108700A75B9A /* Info.plist */,
				81AB9BB72411601600AC10FF /* LaunchScreen.storyboard */,
				13B07FB71A68108700A75B9A /* main.m */,
			);
			name = saojose;
			sourceTree = "<group>";
		};
		2D16E6871FA4F8E400B85C8A /* Frameworks */ = {
			isa = PBXGroup;
			children = (
				ED297162215061F000B7C4FE /* JavaScriptCore.framework */,
				ED2971642150620600B7C4FE /* JavaScriptCore.framework */,
				201CC31D39E1B9E4E788A736 /* libPods-saojose.a */,
				C77A03FC90C2F2A9F65D3A38 /* libPods-saojose-saojoseTests.a */,
				FEEE3C7CFA1B835731297056 /* libPods-saojose-tvOS.a */,
				81A8D51657113D21F068DB2D /* libPods-saojose-tvOSTests.a */,
			);
			name = Frameworks;
			sourceTree = "<group>";
		};
		832341AE1AAA6A7D00B99B32 /* Libraries */ = {
			isa = PBXGroup;
			children = (
			);
			name = Libraries;
			sourceTree = "<group>";
		};
		83CBB9F61A601CBA00E9B192 = {
			isa = PBXGroup;
			children = (
				13B07FAE1A68108700A75B9A /* saojose */,
				832341AE1AAA6A7D00B99B32 /* Libraries */,
				00E356EF1AD99517003FC87E /* saojoseTests */,
				83CBBA001A601CBA00E9B192 /* Products */,
				2D16E6871FA4F8E400B85C8A /* Frameworks */,
				F23AFD324AB5B013B1CE912F /* Pods */,
				B026101DC55B428E9B1FFCB1 /* Resources */,
			);
			indentWidth = 2;
			sourceTree = "<group>";
			tabWidth = 2;
			usesTabs = 0;
		};
		83CBBA001A601CBA00E9B192 /* Products */ = {
			isa = PBXGroup;
			children = (
				13B07F961A680F5B00A75B9A /* saojose.app */,
				00E356EE1AD99517003FC87E /* saojoseTests.xctest */,
				2D02E47B1E0B4A5D006451C7 /* saojose-tvOS.app */,
				2D02E4901E0B4A5D006451C7 /* saojose-tvOSTests.xctest */,
			);
			name = Products;
			sourceTree = "<group>";
		};
		F23AFD324AB5B013B1CE912F /* Pods */ = {
			isa = PBXGroup;
			children = (
				AA7DDE567B35EB99B6C052A8 /* Pods-saojose.debug.xcconfig */,
				4A1E5F56B26F4540F9ACB1B0 /* Pods-saojose.release.xcconfig */,
				0E6BCD1CF441B2D21BCAA7E4 /* Pods-saojose-saojoseTests.debug.xcconfig */,
				3B9D9A2391BE00C1EED40C1F /* Pods-saojose-saojoseTests.release.xcconfig */,
				9E753CFE8C7C7151E60842B0 /* Pods-saojose-tvOS.debug.xcconfig */,
				74F904D698AEA232BA339767 /* Pods-saojose-tvOS.release.xcconfig */,
				576639DEEBD875D2FF8AC515 /* Pods-saojose-tvOSTests.debug.xcconfig */,
				1DDE50D2AF067E892FC8CB51 /* Pods-saojose-tvOSTests.release.xcconfig */,
			);
			name = Pods;
			path = Pods;
			sourceTree = "<group>";
		};
		B026101DC55B428E9B1FFCB1 /* Resources */ = {
			isa = "PBXGroup";
			children = (
				7B00875AF0EF40169D96A650 /* GloriaHallelujah-Regular.ttf */,
				07EA8C8FA5FC462589528445 /* LobsterTwo-Bold.ttf */,
				0B227C67226D45998957A11C /* LobsterTwo-BoldItalic.ttf */,
				6C2D19EA19504609B46C8043 /* LobsterTwo-Italic.ttf */,
				E764442A47AB4CB2B6DB3077 /* LobsterTwo-Regular.ttf */,
				46957343426C44599B03085C /* Roboto Mono Light.ttf */,
				DD1432B5BFA54FAD8EC0A899 /* RobotoMono-Bold.ttf */,
				7074EEB5D24644F6BFE55B0E /* RobotoMono-BoldItalic.ttf */,
				A2D457E62237449FB9F0ACD6 /* RobotoMono-Italic.ttf */,
				5CC02B6E9D10478EA09685B4 /* RobotoMono-LightItalic.ttf */,
				BD3A5B380BFA4B31AE999101 /* RobotoMono-Medium.ttf */,
				8A8A5F99E5D84EE29A75B02A /* RobotoMono-MediumItalic.ttf */,
				01E1FA848C3C4B8D9C702148 /* RobotoMono-Regular.ttf */,
				7C36B8E700524B3C9F1E072C /* RobotoMono-Thin.ttf */,
				F71E53697BCC47C5AC29731B /* RobotoMono-ThinItalic.ttf */,
				878A0AF82B7D4C4EBE74B484 /* Sarpanch-Black.ttf */,
				2DD5BE63260F4B39B65F6568 /* Sarpanch-Bold.ttf */,
				85F757B173C94175846E1DA6 /* Sarpanch-ExtraBold.ttf */,
				CA3FAEA7A8A1412AB0F92E25 /* Sarpanch-Medium.ttf */,
				64D07B8D03844EAF81B2E005 /* Sarpanch-Regular.ttf */,
				ED7927C0D578412D8765923F /* Sarpanch-SemiBold.ttf */,
				17A1B072A16C43BD99F2BBCE /* AntDesign.ttf */,
				38F73060E1BB4D8CB3347E2F /* Entypo.ttf */,
				3EE7168733B148E89DB1048A /* EvilIcons.ttf */,
				BAABD76C2E2244DE843D98AC /* Feather.ttf */,
				11704E8105284EFC995C85C4 /* FontAwesome.ttf */,
				3BAD7D960B4543E3A445D297 /* FontAwesome5_Brands.ttf */,
				03ED01D6B504415A8BCC159B /* FontAwesome5_Regular.ttf */,
				0647EC6000FA4B21A1B4A6CD /* FontAwesome5_Solid.ttf */,
				436C3C6065F04472A96FB207 /* Fontisto.ttf */,
				FAFFEF85D48D491FA141C2A7 /* Foundation.ttf */,
				14594240BDBA4A4C831FF11B /* Ionicons.ttf */,
				BA6BD1FD3CAB4127B02E00D3 /* MaterialCommunityIcons.ttf */,
				701FCD75F7504394A9BED474 /* MaterialIcons.ttf */,
				4BBD3305AA014809AAA30493 /* Octicons.ttf */,
				9CB5257CCDA649FDBE73F375 /* Roboto_medium.ttf */,
				AC8D0C64DBC64C95B99D6E9F /* Roboto.ttf */,
				1389BBFC2F424A5A9DCED25C /* rubicon-icon-font.ttf */,
				FF263A3BAA7F4109AB63BCE8 /* SimpleLineIcons.ttf */,
				C7628C0E331D462EB4D44758 /* Zocial.ttf */,
			);
			name = Resources;
			sourceTree = "<group>";
			path = "";
		};
/* End PBXGroup section */

/* Begin PBXNativeTarget section */
		00E356ED1AD99517003FC87E /* saojoseTests */ = {
			isa = PBXNativeTarget;
			buildConfigurationList = 00E357021AD99517003FC87E /* Build configuration list for PBXNativeTarget "saojoseTests" */;
			buildPhases = (
				76B17958A73EE01960B8E1AF /* [CP] Check Pods Manifest.lock */,
				00E356EA1AD99517003FC87E /* Sources */,
				00E356EB1AD99517003FC87E /* Frameworks */,
				00E356EC1AD99517003FC87E /* Resources */,
				8F3567363DFFE96A20434FB9 /* [CP] Copy Pods Resources */,
			);
			buildRules = (
			);
			dependencies = (
				00E356F51AD99517003FC87E /* PBXTargetDependency */,
			);
			name = saojoseTests;
			productName = saojoseTests;
			productReference = 00E356EE1AD99517003FC87E /* saojoseTests.xctest */;
			productType = "com.apple.product-type.bundle.unit-test";
		};
		13B07F861A680F5B00A75B9A /* saojose */ = {
			isa = PBXNativeTarget;
			buildConfigurationList = 13B07F931A680F5B00A75B9A /* Build configuration list for PBXNativeTarget "saojose" */;
			buildPhases = (
				EF05BD8B7390BFFA925E8BC6 /* [CP] Check Pods Manifest.lock */,
				FD10A7F022414F080027D42C /* Start Packager */,
				13B07F871A680F5B00A75B9A /* Sources */,
				13B07F8C1A680F5B00A75B9A /* Frameworks */,
				13B07F8E1A680F5B00A75B9A /* Resources */,
				00DD1BFF1BD5951E006B06BC /* Bundle React Native code and images */,
				451F49251754B274F671D8E3 /* [CP] Copy Pods Resources */,
			);
			buildRules = (
			);
			dependencies = (
			);
			name = saojose;
			productName = saojose;
			productReference = 13B07F961A680F5B00A75B9A /* saojose.app */;
			productType = "com.apple.product-type.application";
		};
		2D02E47A1E0B4A5D006451C7 /* saojose-tvOS */ = {
			isa = PBXNativeTarget;
			buildConfigurationList = 2D02E4BA1E0B4A5E006451C7 /* Build configuration list for PBXNativeTarget "saojose-tvOS" */;
			buildPhases = (
				D4B9B9EC34C2B581537F47A9 /* [CP] Check Pods Manifest.lock */,
				FD10A7F122414F3F0027D42C /* Start Packager */,
				2D02E4771E0B4A5D006451C7 /* Sources */,
				2D02E4781E0B4A5D006451C7 /* Frameworks */,
				2D02E4791E0B4A5D006451C7 /* Resources */,
				2D02E4CB1E0B4B27006451C7 /* Bundle React Native Code And Images */,
			);
			buildRules = (
			);
			dependencies = (
			);
			name = "saojose-tvOS";
			productName = "saojose-tvOS";
			productReference = 2D02E47B1E0B4A5D006451C7 /* saojose-tvOS.app */;
			productType = "com.apple.product-type.application";
		};
		2D02E48F1E0B4A5D006451C7 /* saojose-tvOSTests */ = {
			isa = PBXNativeTarget;
			buildConfigurationList = 2D02E4BB1E0B4A5E006451C7 /* Build configuration list for PBXNativeTarget "saojose-tvOSTests" */;
			buildPhases = (
				5A9AD55C06E94E6CAA0E2F43 /* [CP] Check Pods Manifest.lock */,
				2D02E48C1E0B4A5D006451C7 /* Sources */,
				2D02E48D1E0B4A5D006451C7 /* Frameworks */,
				2D02E48E1E0B4A5D006451C7 /* Resources */,
			);
			buildRules = (
			);
			dependencies = (
				2D02E4921E0B4A5D006451C7 /* PBXTargetDependency */,
			);
			name = "saojose-tvOSTests";
			productName = "saojose-tvOSTests";
			productReference = 2D02E4901E0B4A5D006451C7 /* saojose-tvOSTests.xctest */;
			productType = "com.apple.product-type.bundle.unit-test";
		};
/* End PBXNativeTarget section */

/* Begin PBXProject section */
		83CBB9F71A601CBA00E9B192 /* Project object */ = {
			isa = PBXProject;
			attributes = {
				LastUpgradeCheck = 1130;
				TargetAttributes = {
					00E356ED1AD99517003FC87E = {
						CreatedOnToolsVersion = 6.2;
						TestTargetID = 13B07F861A680F5B00A75B9A;
					};
					13B07F861A680F5B00A75B9A = {
						LastSwiftMigration = 1120;
					};
					2D02E47A1E0B4A5D006451C7 = {
						CreatedOnToolsVersion = 8.2.1;
						ProvisioningStyle = Automatic;
					};
					2D02E48F1E0B4A5D006451C7 = {
						CreatedOnToolsVersion = 8.2.1;
						ProvisioningStyle = Automatic;
						TestTargetID = 2D02E47A1E0B4A5D006451C7;
					};
				};
			};
			buildConfigurationList = 83CBB9FA1A601CBA00E9B192 /* Build configuration list for PBXProject "saojose" */;
			compatibilityVersion = "Xcode 3.2";
			developmentRegion = en;
			hasScannedForEncodings = 0;
			knownRegions = (
				en,
				Base,
			);
			mainGroup = 83CBB9F61A601CBA00E9B192;
			productRefGroup = 83CBBA001A601CBA00E9B192 /* Products */;
			projectDirPath = "";
			projectRoot = "";
			targets = (
				13B07F861A680F5B00A75B9A /* saojose */,
				00E356ED1AD99517003FC87E /* saojoseTests */,
				2D02E47A1E0B4A5D006451C7 /* saojose-tvOS */,
				2D02E48F1E0B4A5D006451C7 /* saojose-tvOSTests */,
			);
		};
/* End PBXProject section */

/* Begin PBXResourcesBuildPhase section */
		00E356EC1AD99517003FC87E /* Resources */ = {
			isa = PBXResourcesBuildPhase;
			buildActionMask = 2147483647;
			files = (
			);
			runOnlyForDeploymentPostprocessing = 0;
		};
		13B07F8E1A680F5B00A75B9A /* Resources */ = {
			isa = PBXResourcesBuildPhase;
			buildActionMask = 2147483647;
			files = (
				81AB9BB82411601600AC10FF /* LaunchScreen.storyboard in Resources */,
				13B07FBF1A68108700A75B9A /* Images.xcassets in Resources */,
				1E61B2FFC296489099CEC0F4 /* GloriaHallelujah-Regular.ttf in Resources */,
				FDCB2B33B9D44E2F943AB652 /* LobsterTwo-Bold.ttf in Resources */,
				6570601680B04DBB8F46CE81 /* LobsterTwo-BoldItalic.ttf in Resources */,
				BD986A11042142E3A6EAB2B8 /* LobsterTwo-Italic.ttf in Resources */,
				0A6BC7612D4545F7A3335E0F /* LobsterTwo-Regular.ttf in Resources */,
				347F877F31E5475FA26389BD /* Roboto Mono Light.ttf in Resources */,
				B4290D7138E54BC0801EC97E /* RobotoMono-Bold.ttf in Resources */,
				2E0AFFE248C04FAE8C7F04C1 /* RobotoMono-BoldItalic.ttf in Resources */,
				985AAF71A9D847DB96BC32A4 /* RobotoMono-Italic.ttf in Resources */,
				2C435E740FC649B2AABF9D32 /* RobotoMono-LightItalic.ttf in Resources */,
				832BA62FF14F4FE4B35D7E24 /* RobotoMono-Medium.ttf in Resources */,
				8460CD4E7C5C4D40A6DD6A6C /* RobotoMono-MediumItalic.ttf in Resources */,
				634EFDE454644E96A47FB20B /* RobotoMono-Regular.ttf in Resources */,
				2BA964BB020C4B588481C42C /* RobotoMono-Thin.ttf in Resources */,
				E504B99AE98C4E0494574CF7 /* RobotoMono-ThinItalic.ttf in Resources */,
				1BFAD9F6C33A49F18E43FAAB /* Sarpanch-Black.ttf in Resources */,
				03ADAC60B4CB464FA6B8F6A6 /* Sarpanch-Bold.ttf in Resources */,
				EEA3040BECBD4E489D855C30 /* Sarpanch-ExtraBold.ttf in Resources */,
				193F9F0C148645A69A30A639 /* Sarpanch-Medium.ttf in Resources */,
				DA9174B80DCF43C39BD93A6B /* Sarpanch-Regular.ttf in Resources */,
				2CC43C8154634081A5A9E6F7 /* Sarpanch-SemiBold.ttf in Resources */,
				C750EAC1FB784ADEA6DA2B4A /* AntDesign.ttf in Resources */,
				AB93F99A5C9E4CE69A58EF4A /* Entypo.ttf in Resources */,
				C8F995A8065C43B9A65E5D92 /* EvilIcons.ttf in Resources */,
				231D0289908842E38B5FBFFA /* Feather.ttf in Resources */,
				65B9880396F54E1CB4A29336 /* FontAwesome.ttf in Resources */,
				F7D9F89D867A4276B9E95011 /* FontAwesome5_Brands.ttf in Resources */,
				A7B9C30CB72B452ABF42F473 /* FontAwesome5_Regular.ttf in Resources */,
				96FDF6DC03304B308142A7B3 /* FontAwesome5_Solid.ttf in Resources */,
				92EBE33941A04390A6B16BD5 /* Fontisto.ttf in Resources */,
				F95A70A45647454F8AB9BC7E /* Foundation.ttf in Resources */,
				7DF04F6F800F40EF98E211AB /* Ionicons.ttf in Resources */,
				2B05C7B41F0644B490B5071B /* MaterialCommunityIcons.ttf in Resources */,
				347552AD9E3E4E75B183F06B /* MaterialIcons.ttf in Resources */,
				A9273CD93AB3456C836DD1E1 /* Octicons.ttf in Resources */,
				137C22C1C9254E9E8FE1ECBA /* Roboto_medium.ttf in Resources */,
				81459907352D481EA1D0C44E /* Roboto.ttf in Resources */,
				5DF699ECD4BF4AE89985A710 /* rubicon-icon-font.ttf in Resources */,
				53B8EBFA4FA844658509327F /* SimpleLineIcons.ttf in Resources */,
				2C3E33178E55434FB6135635 /* Zocial.ttf in Resources */,
			);
			runOnlyForDeploymentPostprocessing = 0;
		};
		2D02E4791E0B4A5D006451C7 /* Resources */ = {
			isa = PBXResourcesBuildPhase;
			buildActionMask = 2147483647;
			files = (
				2D02E4BD1E0B4A84006451C7 /* Images.xcassets in Resources */,
			);
			runOnlyForDeploymentPostprocessing = 0;
		};
		2D02E48E1E0B4A5D006451C7 /* Resources */ = {
			isa = PBXResourcesBuildPhase;
			buildActionMask = 2147483647;
			files = (
			);
			runOnlyForDeploymentPostprocessing = 0;
		};
/* End PBXResourcesBuildPhase section */

/* Begin PBXShellScriptBuildPhase section */
		00DD1BFF1BD5951E006B06BC /* Bundle React Native code and images */ = {
			isa = PBXShellScriptBuildPhase;
			buildActionMask = 2147483647;
			files = (
			);
			inputPaths = (
			);
			name = "Bundle React Native code and images";
			outputPaths = (
			);
			runOnlyForDeploymentPostprocessing = 0;
			shellPath = /bin/sh;
			shellScript = "export NODE_BINARY=node\n../node_modules/react-native/scripts/react-native-xcode.sh";
		};
		2D02E4CB1E0B4B27006451C7 /* Bundle React Native Code And Images */ = {
			isa = PBXShellScriptBuildPhase;
			buildActionMask = 2147483647;
			files = (
			);
			inputPaths = (
			);
			name = "Bundle React Native Code And Images";
			outputPaths = (
			);
			runOnlyForDeploymentPostprocessing = 0;
			shellPath = /bin/sh;
			shellScript = "export NODE_BINARY=node\n../node_modules/react-native/scripts/react-native-xcode.sh";
		};
		451F49251754B274F671D8E3 /* [CP] Copy Pods Resources */ = {
			isa = PBXShellScriptBuildPhase;
			buildActionMask = 2147483647;
			files = (
			);
			inputPaths = (
				"${PODS_ROOT}/Target Support Files/Pods-saojose/Pods-saojose-resources.sh",
				"${PODS_CONFIGURATION_BUILD_DIR}/React-Core/AccessibilityResources.bundle",
			);
			name = "[CP] Copy Pods Resources";
			outputPaths = (
				"${TARGET_BUILD_DIR}/${UNLOCALIZED_RESOURCES_FOLDER_PATH}/AccessibilityResources.bundle",
			);
			runOnlyForDeploymentPostprocessing = 0;
			shellPath = /bin/sh;
			shellScript = "\"${PODS_ROOT}/Target Support Files/Pods-saojose/Pods-saojose-resources.sh\"\n";
			showEnvVarsInLog = 0;
		};
		5A9AD55C06E94E6CAA0E2F43 /* [CP] Check Pods Manifest.lock */ = {
			isa = PBXShellScriptBuildPhase;
			buildActionMask = 2147483647;
			files = (
			);
			inputFileListPaths = (
			);
			inputPaths = (
				"${PODS_PODFILE_DIR_PATH}/Podfile.lock",
				"${PODS_ROOT}/Manifest.lock",
			);
			name = "[CP] Check Pods Manifest.lock";
			outputFileListPaths = (
			);
			outputPaths = (
				"$(DERIVED_FILE_DIR)/Pods-saojose-tvOSTests-checkManifestLockResult.txt",
			);
			runOnlyForDeploymentPostprocessing = 0;
			shellPath = /bin/sh;
			shellScript = "diff \"${PODS_PODFILE_DIR_PATH}/Podfile.lock\" \"${PODS_ROOT}/Manifest.lock\" > /dev/null\nif [ $? != 0 ] ; then\n    # print error to STDERR\n    echo \"error: The sandbox is not in sync with the Podfile.lock. Run 'pod install' or update your CocoaPods installation.\" >&2\n    exit 1\nfi\n# This output is used by Xcode 'outputs' to avoid re-running this script phase.\necho \"SUCCESS\" > \"${SCRIPT_OUTPUT_FILE_0}\"\n";
			showEnvVarsInLog = 0;
		};
		76B17958A73EE01960B8E1AF /* [CP] Check Pods Manifest.lock */ = {
			isa = PBXShellScriptBuildPhase;
			buildActionMask = 2147483647;
			files = (
			);
			inputFileListPaths = (
			);
			inputPaths = (
				"${PODS_PODFILE_DIR_PATH}/Podfile.lock",
				"${PODS_ROOT}/Manifest.lock",
			);
			name = "[CP] Check Pods Manifest.lock";
			outputFileListPaths = (
			);
			outputPaths = (
				"$(DERIVED_FILE_DIR)/Pods-saojose-saojoseTests-checkManifestLockResult.txt",
			);
			runOnlyForDeploymentPostprocessing = 0;
			shellPath = /bin/sh;
			shellScript = "diff \"${PODS_PODFILE_DIR_PATH}/Podfile.lock\" \"${PODS_ROOT}/Manifest.lock\" > /dev/null\nif [ $? != 0 ] ; then\n    # print error to STDERR\n    echo \"error: The sandbox is not in sync with the Podfile.lock. Run 'pod install' or update your CocoaPods installation.\" >&2\n    exit 1\nfi\n# This output is used by Xcode 'outputs' to avoid re-running this script phase.\necho \"SUCCESS\" > \"${SCRIPT_OUTPUT_FILE_0}\"\n";
			showEnvVarsInLog = 0;
		};
		8F3567363DFFE96A20434FB9 /* [CP] Copy Pods Resources */ = {
			isa = PBXShellScriptBuildPhase;
			buildActionMask = 2147483647;
			files = (
			);
			inputPaths = (
				"${PODS_ROOT}/Target Support Files/Pods-saojose-saojoseTests/Pods-saojose-saojoseTests-resources.sh",
				"${PODS_CONFIGURATION_BUILD_DIR}/React-Core/AccessibilityResources.bundle",
			);
			name = "[CP] Copy Pods Resources";
			outputPaths = (
				"${TARGET_BUILD_DIR}/${UNLOCALIZED_RESOURCES_FOLDER_PATH}/AccessibilityResources.bundle",
			);
			runOnlyForDeploymentPostprocessing = 0;
			shellPath = /bin/sh;
			shellScript = "\"${PODS_ROOT}/Target Support Files/Pods-saojose-saojoseTests/Pods-saojose-saojoseTests-resources.sh\"\n";
			showEnvVarsInLog = 0;
		};
		D4B9B9EC34C2B581537F47A9 /* [CP] Check Pods Manifest.lock */ = {
			isa = PBXShellScriptBuildPhase;
			buildActionMask = 2147483647;
			files = (
			);
			inputFileListPaths = (
			);
			inputPaths = (
				"${PODS_PODFILE_DIR_PATH}/Podfile.lock",
				"${PODS_ROOT}/Manifest.lock",
			);
			name = "[CP] Check Pods Manifest.lock";
			outputFileListPaths = (
			);
			outputPaths = (
				"$(DERIVED_FILE_DIR)/Pods-saojose-tvOS-checkManifestLockResult.txt",
			);
			runOnlyForDeploymentPostprocessing = 0;
			shellPath = /bin/sh;
			shellScript = "diff \"${PODS_PODFILE_DIR_PATH}/Podfile.lock\" \"${PODS_ROOT}/Manifest.lock\" > /dev/null\nif [ $? != 0 ] ; then\n    # print error to STDERR\n    echo \"error: The sandbox is not in sync with the Podfile.lock. Run 'pod install' or update your CocoaPods installation.\" >&2\n    exit 1\nfi\n# This output is used by Xcode 'outputs' to avoid re-running this script phase.\necho \"SUCCESS\" > \"${SCRIPT_OUTPUT_FILE_0}\"\n";
			showEnvVarsInLog = 0;
		};
		EF05BD8B7390BFFA925E8BC6 /* [CP] Check Pods Manifest.lock */ = {
			isa = PBXShellScriptBuildPhase;
			buildActionMask = 2147483647;
			files = (
			);
			inputFileListPaths = (
			);
			inputPaths = (
				"${PODS_PODFILE_DIR_PATH}/Podfile.lock",
				"${PODS_ROOT}/Manifest.lock",
			);
			name = "[CP] Check Pods Manifest.lock";
			outputFileListPaths = (
			);
			outputPaths = (
				"$(DERIVED_FILE_DIR)/Pods-saojose-checkManifestLockResult.txt",
			);
			runOnlyForDeploymentPostprocessing = 0;
			shellPath = /bin/sh;
			shellScript = "diff \"${PODS_PODFILE_DIR_PATH}/Podfile.lock\" \"${PODS_ROOT}/Manifest.lock\" > /dev/null\nif [ $? != 0 ] ; then\n    # print error to STDERR\n    echo \"error: The sandbox is not in sync with the Podfile.lock. Run 'pod install' or update your CocoaPods installation.\" >&2\n    exit 1\nfi\n# This output is used by Xcode 'outputs' to avoid re-running this script phase.\necho \"SUCCESS\" > \"${SCRIPT_OUTPUT_FILE_0}\"\n";
			showEnvVarsInLog = 0;
		};
		FD10A7F022414F080027D42C /* Start Packager */ = {
			isa = PBXShellScriptBuildPhase;
			buildActionMask = 2147483647;
			files = (
			);
			inputFileListPaths = (
			);
			inputPaths = (
			);
			name = "Start Packager";
			outputFileListPaths = (
			);
			outputPaths = (
			);
			runOnlyForDeploymentPostprocessing = 0;
			shellPath = /bin/sh;
			shellScript = "export RCT_METRO_PORT=\"${RCT_METRO_PORT:=8081}\"\necho \"export RCT_METRO_PORT=${RCT_METRO_PORT}\" > \"${SRCROOT}/../node_modules/react-native/scripts/.packager.env\"\nif [ -z \"${RCT_NO_LAUNCH_PACKAGER+xxx}\" ] ; then\n  if nc -w 5 -z localhost ${RCT_METRO_PORT} ; then\n    if ! curl -s \"http://localhost:${RCT_METRO_PORT}/status\" | grep -q \"packager-status:running\" ; then\n      echo \"Port ${RCT_METRO_PORT} already in use, packager is either not running or not running correctly\"\n      exit 2\n    fi\n  else\n    open \"$SRCROOT/../node_modules/react-native/scripts/launchPackager.command\" || echo \"Can't start packager automatically\"\n  fi\nfi\n";
			showEnvVarsInLog = 0;
		};
		FD10A7F122414F3F0027D42C /* Start Packager */ = {
			isa = PBXShellScriptBuildPhase;
			buildActionMask = 2147483647;
			files = (
			);
			inputFileListPaths = (
			);
			inputPaths = (
			);
			name = "Start Packager";
			outputFileListPaths = (
			);
			outputPaths = (
			);
			runOnlyForDeploymentPostprocessing = 0;
			shellPath = /bin/sh;
			shellScript = "export RCT_METRO_PORT=\"${RCT_METRO_PORT:=8081}\"\necho \"export RCT_METRO_PORT=${RCT_METRO_PORT}\" > \"${SRCROOT}/../node_modules/react-native/scripts/.packager.env\"\nif [ -z \"${RCT_NO_LAUNCH_PACKAGER+xxx}\" ] ; then\n  if nc -w 5 -z localhost ${RCT_METRO_PORT} ; then\n    if ! curl -s \"http://localhost:${RCT_METRO_PORT}/status\" | grep -q \"packager-status:running\" ; then\n      echo \"Port ${RCT_METRO_PORT} already in use, packager is either not running or not running correctly\"\n      exit 2\n    fi\n  else\n    open \"$SRCROOT/../node_modules/react-native/scripts/launchPackager.command\" || echo \"Can't start packager automatically\"\n  fi\nfi\n";
			showEnvVarsInLog = 0;
		};
/* End PBXShellScriptBuildPhase section */

/* Begin PBXSourcesBuildPhase section */
		00E356EA1AD99517003FC87E /* Sources */ = {
			isa = PBXSourcesBuildPhase;
			buildActionMask = 2147483647;
			files = (
				00E356F31AD99517003FC87E /* saojoseTests.m in Sources */,
			);
			runOnlyForDeploymentPostprocessing = 0;
		};
		13B07F871A680F5B00A75B9A /* Sources */ = {
			isa = PBXSourcesBuildPhase;
			buildActionMask = 2147483647;
			files = (
				13B07FBC1A68108700A75B9A /* AppDelegate.m in Sources */,
				13B07FC11A68108700A75B9A /* main.m in Sources */,
			);
			runOnlyForDeploymentPostprocessing = 0;
		};
		2D02E4771E0B4A5D006451C7 /* Sources */ = {
			isa = PBXSourcesBuildPhase;
			buildActionMask = 2147483647;
			files = (
				2D02E4BF1E0B4AB3006451C7 /* main.m in Sources */,
				2D02E4BC1E0B4A80006451C7 /* AppDelegate.m in Sources */,
			);
			runOnlyForDeploymentPostprocessing = 0;
		};
		2D02E48C1E0B4A5D006451C7 /* Sources */ = {
			isa = PBXSourcesBuildPhase;
			buildActionMask = 2147483647;
			files = (
				2DCD954D1E0B4F2C00145EB5 /* saojoseTests.m in Sources */,
			);
			runOnlyForDeploymentPostprocessing = 0;
		};
/* End PBXSourcesBuildPhase section */

/* Begin PBXTargetDependency section */
		00E356F51AD99517003FC87E /* PBXTargetDependency */ = {
			isa = PBXTargetDependency;
			target = 13B07F861A680F5B00A75B9A /* saojose */;
			targetProxy = 00E356F41AD99517003FC87E /* PBXContainerItemProxy */;
		};
		2D02E4921E0B4A5D006451C7 /* PBXTargetDependency */ = {
			isa = PBXTargetDependency;
			target = 2D02E47A1E0B4A5D006451C7 /* saojose-tvOS */;
			targetProxy = 2D02E4911E0B4A5D006451C7 /* PBXContainerItemProxy */;
		};
/* End PBXTargetDependency section */

/* Begin XCBuildConfiguration section */
		00E356F61AD99517003FC87E /* Debug */ = {
			isa = XCBuildConfiguration;
			baseConfigurationReference = 0E6BCD1CF441B2D21BCAA7E4 /* Pods-saojose-saojoseTests.debug.xcconfig */;
			buildSettings = {
				BUNDLE_LOADER = "$(TEST_HOST)";
				GCC_PREPROCESSOR_DEFINITIONS = (
					"DEBUG=1",
					"$(inherited)",
				);
				INFOPLIST_FILE = saojoseTests/Info.plist;
				IPHONEOS_DEPLOYMENT_TARGET = 10.0;
				LD_RUNPATH_SEARCH_PATHS = "$(inherited) @executable_path/Frameworks @loader_path/Frameworks";
				OTHER_LDFLAGS = (
					"-ObjC",
					"-lc++",
					"$(inherited)",
				);
				PRODUCT_BUNDLE_IDENTIFIER = "org.reactjs.native.example.$(PRODUCT_NAME:rfc1034identifier)";
				PRODUCT_NAME = "$(TARGET_NAME)";
				TEST_HOST = "$(BUILT_PRODUCTS_DIR)/saojose.app/saojose";
			};
			name = Debug;
		};
		00E356F71AD99517003FC87E /* Release */ = {
			isa = XCBuildConfiguration;
			baseConfigurationReference = 3B9D9A2391BE00C1EED40C1F /* Pods-saojose-saojoseTests.release.xcconfig */;
			buildSettings = {
				BUNDLE_LOADER = "$(TEST_HOST)";
				COPY_PHASE_STRIP = NO;
				INFOPLIST_FILE = saojoseTests/Info.plist;
				IPHONEOS_DEPLOYMENT_TARGET = 10.0;
				LD_RUNPATH_SEARCH_PATHS = "$(inherited) @executable_path/Frameworks @loader_path/Frameworks";
				OTHER_LDFLAGS = (
					"-ObjC",
					"-lc++",
					"$(inherited)",
				);
				PRODUCT_BUNDLE_IDENTIFIER = "org.reactjs.native.example.$(PRODUCT_NAME:rfc1034identifier)";
				PRODUCT_NAME = "$(TARGET_NAME)";
				TEST_HOST = "$(BUILT_PRODUCTS_DIR)/saojose.app/saojose";
			};
			name = Release;
		};
		13B07F941A680F5B00A75B9A /* Debug */ = {
			isa = XCBuildConfiguration;
			baseConfigurationReference = AA7DDE567B35EB99B6C052A8 /* Pods-saojose.debug.xcconfig */;
			buildSettings = {
				ASSETCATALOG_COMPILER_APPICON_NAME = AppIcon;
				CLANG_ENABLE_MODULES = YES;
				CURRENT_PROJECT_VERSION = 1;
				ENABLE_BITCODE = NO;
				INFOPLIST_FILE = saojose/Info.plist;
				LD_RUNPATH_SEARCH_PATHS = "$(inherited) @executable_path/Frameworks";
				OTHER_LDFLAGS = (
					"$(inherited)",
					"-ObjC",
					"-lc++",
				);
				PRODUCT_BUNDLE_IDENTIFIER = "org.reactjs.native.example.$(PRODUCT_NAME:rfc1034identifier)";
				PRODUCT_NAME = saojose;
				SWIFT_OPTIMIZATION_LEVEL = "-Onone";
				SWIFT_VERSION = 5.0;
				VERSIONING_SYSTEM = "apple-generic";
			};
			name = Debug;
		};
		13B07F951A680F5B00A75B9A /* Release */ = {
			isa = XCBuildConfiguration;
			baseConfigurationReference = 4A1E5F56B26F4540F9ACB1B0 /* Pods-saojose.release.xcconfig */;
			buildSettings = {
				ASSETCATALOG_COMPILER_APPICON_NAME = AppIcon;
				CLANG_ENABLE_MODULES = YES;
				CURRENT_PROJECT_VERSION = 1;
				INFOPLIST_FILE = saojose/Info.plist;
				LD_RUNPATH_SEARCH_PATHS = "$(inherited) @executable_path/Frameworks";
				OTHER_LDFLAGS = (
					"$(inherited)",
					"-ObjC",
					"-lc++",
				);
				PRODUCT_BUNDLE_IDENTIFIER = "org.reactjs.native.example.$(PRODUCT_NAME:rfc1034identifier)";
				PRODUCT_NAME = saojose;
				SWIFT_VERSION = 5.0;
				VERSIONING_SYSTEM = "apple-generic";
			};
			name = Release;
		};
		2D02E4971E0B4A5E006451C7 /* Debug */ = {
			isa = XCBuildConfiguration;
			baseConfigurationReference = 9E753CFE8C7C7151E60842B0 /* Pods-saojose-tvOS.debug.xcconfig */;
			buildSettings = {
				ASSETCATALOG_COMPILER_APPICON_NAME = "App Icon & Top Shelf Image";
				ASSETCATALOG_COMPILER_LAUNCHIMAGE_NAME = LaunchImage;
				CLANG_ANALYZER_NONNULL = YES;
				CLANG_WARN_DOCUMENTATION_COMMENTS = YES;
				CLANG_WARN_INFINITE_RECURSION = YES;
				CLANG_WARN_SUSPICIOUS_MOVE = YES;
				DEBUG_INFORMATION_FORMAT = dwarf;
				ENABLE_TESTABILITY = YES;
				GCC_NO_COMMON_BLOCKS = YES;
				INFOPLIST_FILE = "saojose-tvOS/Info.plist";
				LD_RUNPATH_SEARCH_PATHS = "$(inherited) @executable_path/Frameworks";
				OTHER_LDFLAGS = (
					"$(inherited)",
					"-ObjC",
					"-lc++",
				);
				PRODUCT_BUNDLE_IDENTIFIER = "org.reactjs.native.example.saojose-tvOS";
				PRODUCT_NAME = "$(TARGET_NAME)";
				SDKROOT = appletvos;
				TARGETED_DEVICE_FAMILY = 3;
				TVOS_DEPLOYMENT_TARGET = 10.0;
			};
			name = Debug;
		};
		2D02E4981E0B4A5E006451C7 /* Release */ = {
			isa = XCBuildConfiguration;
			baseConfigurationReference = 74F904D698AEA232BA339767 /* Pods-saojose-tvOS.release.xcconfig */;
			buildSettings = {
				ASSETCATALOG_COMPILER_APPICON_NAME = "App Icon & Top Shelf Image";
				ASSETCATALOG_COMPILER_LAUNCHIMAGE_NAME = LaunchImage;
				CLANG_ANALYZER_NONNULL = YES;
				CLANG_WARN_DOCUMENTATION_COMMENTS = YES;
				CLANG_WARN_INFINITE_RECURSION = YES;
				CLANG_WARN_SUSPICIOUS_MOVE = YES;
				COPY_PHASE_STRIP = NO;
				DEBUG_INFORMATION_FORMAT = "dwarf-with-dsym";
				GCC_NO_COMMON_BLOCKS = YES;
				INFOPLIST_FILE = "saojose-tvOS/Info.plist";
				LD_RUNPATH_SEARCH_PATHS = "$(inherited) @executable_path/Frameworks";
				OTHER_LDFLAGS = (
					"$(inherited)",
					"-ObjC",
					"-lc++",
				);
				PRODUCT_BUNDLE_IDENTIFIER = "org.reactjs.native.example.saojose-tvOS";
				PRODUCT_NAME = "$(TARGET_NAME)";
				SDKROOT = appletvos;
				TARGETED_DEVICE_FAMILY = 3;
				TVOS_DEPLOYMENT_TARGET = 10.0;
			};
			name = Release;
		};
		2D02E4991E0B4A5E006451C7 /* Debug */ = {
			isa = XCBuildConfiguration;
			baseConfigurationReference = 576639DEEBD875D2FF8AC515 /* Pods-saojose-tvOSTests.debug.xcconfig */;
			buildSettings = {
				BUNDLE_LOADER = "$(TEST_HOST)";
				CLANG_ANALYZER_NONNULL = YES;
				CLANG_WARN_DOCUMENTATION_COMMENTS = YES;
				CLANG_WARN_INFINITE_RECURSION = YES;
				CLANG_WARN_SUSPICIOUS_MOVE = YES;
				DEBUG_INFORMATION_FORMAT = dwarf;
				ENABLE_TESTABILITY = YES;
				GCC_NO_COMMON_BLOCKS = YES;
				INFOPLIST_FILE = "saojose-tvOSTests/Info.plist";
				LD_RUNPATH_SEARCH_PATHS = "$(inherited) @executable_path/Frameworks @loader_path/Frameworks";
				OTHER_LDFLAGS = (
					"$(inherited)",
					"-ObjC",
					"-lc++",
				);
				PRODUCT_BUNDLE_IDENTIFIER = "org.reactjs.native.example.saojose-tvOSTests";
				PRODUCT_NAME = "$(TARGET_NAME)";
				SDKROOT = appletvos;
				TEST_HOST = "$(BUILT_PRODUCTS_DIR)/saojose-tvOS.app/saojose-tvOS";
				TVOS_DEPLOYMENT_TARGET = 10.1;
			};
			name = Debug;
		};
		2D02E49A1E0B4A5E006451C7 /* Release */ = {
			isa = XCBuildConfiguration;
			baseConfigurationReference = 1DDE50D2AF067E892FC8CB51 /* Pods-saojose-tvOSTests.release.xcconfig */;
			buildSettings = {
				BUNDLE_LOADER = "$(TEST_HOST)";
				CLANG_ANALYZER_NONNULL = YES;
				CLANG_WARN_DOCUMENTATION_COMMENTS = YES;
				CLANG_WARN_INFINITE_RECURSION = YES;
				CLANG_WARN_SUSPICIOUS_MOVE = YES;
				COPY_PHASE_STRIP = NO;
				DEBUG_INFORMATION_FORMAT = "dwarf-with-dsym";
				GCC_NO_COMMON_BLOCKS = YES;
				INFOPLIST_FILE = "saojose-tvOSTests/Info.plist";
				LD_RUNPATH_SEARCH_PATHS = "$(inherited) @executable_path/Frameworks @loader_path/Frameworks";
				OTHER_LDFLAGS = (
					"$(inherited)",
					"-ObjC",
					"-lc++",
				);
				PRODUCT_BUNDLE_IDENTIFIER = "org.reactjs.native.example.saojose-tvOSTests";
				PRODUCT_NAME = "$(TARGET_NAME)";
				SDKROOT = appletvos;
				TEST_HOST = "$(BUILT_PRODUCTS_DIR)/saojose-tvOS.app/saojose-tvOS";
				TVOS_DEPLOYMENT_TARGET = 10.1;
			};
			name = Release;
		};
		83CBBA201A601CBA00E9B192 /* Debug */ = {
			isa = XCBuildConfiguration;
			buildSettings = {
				ALWAYS_SEARCH_USER_PATHS = NO;
				CLANG_ANALYZER_LOCALIZABILITY_NONLOCALIZED = YES;
				CLANG_CXX_LANGUAGE_STANDARD = "gnu++0x";
				CLANG_CXX_LIBRARY = "libc++";
				CLANG_ENABLE_MODULES = YES;
				CLANG_ENABLE_OBJC_ARC = YES;
				CLANG_WARN_BLOCK_CAPTURE_AUTORELEASING = YES;
				CLANG_WARN_BOOL_CONVERSION = YES;
				CLANG_WARN_COMMA = YES;
				CLANG_WARN_CONSTANT_CONVERSION = YES;
				CLANG_WARN_DEPRECATED_OBJC_IMPLEMENTATIONS = YES;
				CLANG_WARN_DIRECT_OBJC_ISA_USAGE = YES_ERROR;
				CLANG_WARN_EMPTY_BODY = YES;
				CLANG_WARN_ENUM_CONVERSION = YES;
				CLANG_WARN_INFINITE_RECURSION = YES;
				CLANG_WARN_INT_CONVERSION = YES;
				CLANG_WARN_NON_LITERAL_NULL_CONVERSION = YES;
				CLANG_WARN_OBJC_IMPLICIT_RETAIN_SELF = YES;
				CLANG_WARN_OBJC_LITERAL_CONVERSION = YES;
				CLANG_WARN_OBJC_ROOT_CLASS = YES_ERROR;
				CLANG_WARN_RANGE_LOOP_ANALYSIS = YES;
				CLANG_WARN_STRICT_PROTOTYPES = YES;
				CLANG_WARN_SUSPICIOUS_MOVE = YES;
				CLANG_WARN_UNREACHABLE_CODE = YES;
				CLANG_WARN__DUPLICATE_METHOD_MATCH = YES;
				"CODE_SIGN_IDENTITY[sdk=iphoneos*]" = "iPhone Developer";
				COPY_PHASE_STRIP = NO;
				ENABLE_STRICT_OBJC_MSGSEND = YES;
				ENABLE_TESTABILITY = YES;
				GCC_C_LANGUAGE_STANDARD = gnu99;
				GCC_DYNAMIC_NO_PIC = NO;
				GCC_NO_COMMON_BLOCKS = YES;
				GCC_OPTIMIZATION_LEVEL = 0;
				GCC_PREPROCESSOR_DEFINITIONS = (
					"DEBUG=1",
					"$(inherited)",
				);
				GCC_SYMBOLS_PRIVATE_EXTERN = NO;
				GCC_WARN_64_TO_32_BIT_CONVERSION = YES;
				GCC_WARN_ABOUT_RETURN_TYPE = YES_ERROR;
				GCC_WARN_UNDECLARED_SELECTOR = YES;
				GCC_WARN_UNINITIALIZED_AUTOS = YES_AGGRESSIVE;
				GCC_WARN_UNUSED_FUNCTION = YES;
				GCC_WARN_UNUSED_VARIABLE = YES;
				IPHONEOS_DEPLOYMENT_TARGET = 10.0;
				LD_RUNPATH_SEARCH_PATHS = "/usr/lib/swift $(inherited)";
				LIBRARY_SEARCH_PATHS = (
					"\"$(TOOLCHAIN_DIR)/usr/lib/swift/$(PLATFORM_NAME)\"",
					"\"$(TOOLCHAIN_DIR)/usr/lib/swift-5.0/$(PLATFORM_NAME)\"",
					"\"$(inherited)\"",
				);
				MTL_ENABLE_DEBUG_INFO = YES;
				ONLY_ACTIVE_ARCH = YES;
				SDKROOT = iphoneos;
			};
			name = Debug;
		};
		83CBBA211A601CBA00E9B192 /* Release */ = {
			isa = XCBuildConfiguration;
			buildSettings = {
				ALWAYS_SEARCH_USER_PATHS = NO;
				CLANG_ANALYZER_LOCALIZABILITY_NONLOCALIZED = YES;
				CLANG_CXX_LANGUAGE_STANDARD = "gnu++0x";
				CLANG_CXX_LIBRARY = "libc++";
				CLANG_ENABLE_MODULES = YES;
				CLANG_ENABLE_OBJC_ARC = YES;
				CLANG_WARN_BLOCK_CAPTURE_AUTORELEASING = YES;
				CLANG_WARN_BOOL_CONVERSION = YES;
				CLANG_WARN_COMMA = YES;
				CLANG_WARN_CONSTANT_CONVERSION = YES;
				CLANG_WARN_DEPRECATED_OBJC_IMPLEMENTATIONS = YES;
				CLANG_WARN_DIRECT_OBJC_ISA_USAGE = YES_ERROR;
				CLANG_WARN_EMPTY_BODY = YES;
				CLANG_WARN_ENUM_CONVERSION = YES;
				CLANG_WARN_INFINITE_RECURSION = YES;
				CLANG_WARN_INT_CONVERSION = YES;
				CLANG_WARN_NON_LITERAL_NULL_CONVERSION = YES;
				CLANG_WARN_OBJC_IMPLICIT_RETAIN_SELF = YES;
				CLANG_WARN_OBJC_LITERAL_CONVERSION = YES;
				CLANG_WARN_OBJC_ROOT_CLASS = YES_ERROR;
				CLANG_WARN_RANGE_LOOP_ANALYSIS = YES;
				CLANG_WARN_STRICT_PROTOTYPES = YES;
				CLANG_WARN_SUSPICIOUS_MOVE = YES;
				CLANG_WARN_UNREACHABLE_CODE = YES;
				CLANG_WARN__DUPLICATE_METHOD_MATCH = YES;
				"CODE_SIGN_IDENTITY[sdk=iphoneos*]" = "iPhone Developer";
				COPY_PHASE_STRIP = YES;
				ENABLE_NS_ASSERTIONS = NO;
				ENABLE_STRICT_OBJC_MSGSEND = YES;
				GCC_C_LANGUAGE_STANDARD = gnu99;
				GCC_NO_COMMON_BLOCKS = YES;
				GCC_WARN_64_TO_32_BIT_CONVERSION = YES;
				GCC_WARN_ABOUT_RETURN_TYPE = YES_ERROR;
				GCC_WARN_UNDECLARED_SELECTOR = YES;
				GCC_WARN_UNINITIALIZED_AUTOS = YES_AGGRESSIVE;
				GCC_WARN_UNUSED_FUNCTION = YES;
				GCC_WARN_UNUSED_VARIABLE = YES;
				IPHONEOS_DEPLOYMENT_TARGET = 10.0;
				LD_RUNPATH_SEARCH_PATHS = "/usr/lib/swift $(inherited)";
				LIBRARY_SEARCH_PATHS = (
					"\"$(TOOLCHAIN_DIR)/usr/lib/swift/$(PLATFORM_NAME)\"",
					"\"$(TOOLCHAIN_DIR)/usr/lib/swift-5.0/$(PLATFORM_NAME)\"",
					"\"$(inherited)\"",
				);
				MTL_ENABLE_DEBUG_INFO = NO;
				SDKROOT = iphoneos;
				VALIDATE_PRODUCT = YES;
			};
			name = Release;
		};
/* End XCBuildConfiguration section */

/* Begin XCConfigurationList section */
		00E357021AD99517003FC87E /* Build configuration list for PBXNativeTarget "saojoseTests" */ = {
			isa = XCConfigurationList;
			buildConfigurations = (
				00E356F61AD99517003FC87E /* Debug */,
				00E356F71AD99517003FC87E /* Release */,
			);
			defaultConfigurationIsVisible = 0;
			defaultConfigurationName = Release;
		};
		13B07F931A680F5B00A75B9A /* Build configuration list for PBXNativeTarget "saojose" */ = {
			isa = XCConfigurationList;
			buildConfigurations = (
				13B07F941A680F5B00A75B9A /* Debug */,
				13B07F951A680F5B00A75B9A /* Release */,
			);
			defaultConfigurationIsVisible = 0;
			defaultConfigurationName = Release;
		};
		2D02E4BA1E0B4A5E006451C7 /* Build configuration list for PBXNativeTarget "saojose-tvOS" */ = {
			isa = XCConfigurationList;
			buildConfigurations = (
				2D02E4971E0B4A5E006451C7 /* Debug */,
				2D02E4981E0B4A5E006451C7 /* Release */,
			);
			defaultConfigurationIsVisible = 0;
			defaultConfigurationName = Release;
		};
		2D02E4BB1E0B4A5E006451C7 /* Build configuration list for PBXNativeTarget "saojose-tvOSTests" */ = {
			isa = XCConfigurationList;
			buildConfigurations = (
				2D02E4991E0B4A5E006451C7 /* Debug */,
				2D02E49A1E0B4A5E006451C7 /* Release */,
			);
			defaultConfigurationIsVisible = 0;
			defaultConfigurationName = Release;
		};
		83CBB9FA1A601CBA00E9B192 /* Build configuration list for PBXProject "saojose" */ = {
			isa = XCConfigurationList;
			buildConfigurations = (
				83CBBA201A601CBA00E9B192 /* Debug */,
				83CBBA211A601CBA00E9B192 /* Release */,
			);
			defaultConfigurationIsVisible = 0;
			defaultConfigurationName = Release;
		};
/* End XCConfigurationList section */
	};
	rootObject = 83CBB9F71A601CBA00E9B192 /* Project object */;
}
